
Microsoft Visual Studio Solution File, Format Version 12.00
# Visual Studio Version 17
VisualStudioVersion = 17.13.35913.81
MinimumVisualStudioVersion = 10.0.40219.1
Project("{FAE04EC0-301F-11D3-BF4B-00C04F79EFBC}") = "Front", "Front\Front.csproj", "{097D215B-ECE0-45C9-83FE-53C932872A11}"
EndProject
Project("{FAE04EC0-301F-11D3-BF4B-00C04F79EFBC}") = "Back", "Back\Back.csproj", "{ED405EA1-F4A9-EFF6-99C5-351D1885B05D}"
EndProject
Global
	GlobalSection(SolutionConfigurationPlatforms) = preSolution
		Debug|Any CPU = Debug|Any CPU
		Release|Any CPU = Release|Any CPU
	EndGlobalSection
	GlobalSection(ProjectConfigurationPlatforms) = postSolution
		{097D215B-ECE0-45C9-83FE-53C932872A11}.Debug|Any CPU.ActiveCfg = Debug|Any CPU
		{097D215B-ECE0-45C9-83FE-53C932872A11}.Debug|Any CPU.Build.0 = Debug|Any CPU
		{097D215B-ECE0-45C9-83FE-53C932872A11}.Release|Any CPU.ActiveCfg = Release|Any CPU
		{097D215B-ECE0-45C9-83FE-53C932872A11}.Release|Any CPU.Build.0 = Release|Any CPU
		{ED405EA1-F4A9-EFF6-99C5-351D1885B05D}.Debug|Any CPU.ActiveCfg = Debug|Any CPU
		{ED405EA1-F4A9-EFF6-99C5-351D1885B05D}.Debug|Any CPU.Build.0 = Debug|Any CPU
		{ED405EA1-F4A9-EFF6-99C5-351D1885B05D}.Release|Any CPU.ActiveCfg = Release|Any CPU
		{ED405EA1-F4A9-EFF6-99C5-351D1885B05D}.Release|Any CPU.Build.0 = Release|Any CPU
	EndGlobalSection
	GlobalSection(SolutionProperties) = preSolution
		HideSolutionNode = FALSE
	EndGlobalSection
	GlobalSection(ExtensibilityGlobals) = postSolution
		SolutionGuid = {E7542C79-2ECE-4828-B5A5-9FC488346A19}
	EndGlobalSection
EndGlobal
